
Microsoft Visual Studio Solution File, Format Version 12.00
# Visual Studio Version 17
VisualStudioVersion = 17.11.35327.3
MinimumVisualStudioVersion = 10.0.40219.1
Project("{9A19103F-16F7-4668-BE54-9A1E7A4F7556}") = "Simulator", "Simulator\Simulator.csproj", "{2B67490E-3C81-4032-9286-B7ECFE50E3F0}"
EndProject
Project("{9A19103F-16F7-4668-BE54-9A1E7A4F7556}") = "Runner", "Runner\Runner.csproj", "{C02645D6-5E45-4292-A46B-F921FBED2965}"
EndProject
Project("{9A19103F-16F7-4668-BE54-9A1E7A4F7556}") = "TestSimulator", "TestSimulator\TestSimulator.csproj", "{B486200A-8D16-480A-8F84-E47A9337A2F8}"
	ProjectSection(ProjectDependencies) = postProject
		{2B67490E-3C81-4032-9286-B7ECFE50E3F0} = {2B67490E-3C81-4032-9286-B7ECFE50E3F0}
	EndProjectSection
EndProject
Project("{FAE04EC0-301F-11D3-BF4B-00C04F79EFBC}") = "SimConsole", "SimConsole\SimConsole.csproj", "{2AC0C231-41F3-4E96-8328-374FF7A4C54E}"
EndProject
Global
	GlobalSection(SolutionConfigurationPlatforms) = preSolution
		Debug|Any CPU = Debug|Any CPU
		Release|Any CPU = Release|Any CPU
	EndGlobalSection
	GlobalSection(ProjectConfigurationPlatforms) = postSolution
		{2B67490E-3C81-4032-9286-B7ECFE50E3F0}.Debug|Any CPU.ActiveCfg = Debug|Any CPU
		{2B67490E-3C81-4032-9286-B7ECFE50E3F0}.Debug|Any CPU.Build.0 = Debug|Any CPU
		{2B67490E-3C81-4032-9286-B7ECFE50E3F0}.Release|Any CPU.ActiveCfg = Release|Any CPU
		{2B67490E-3C81-4032-9286-B7ECFE50E3F0}.Release|Any CPU.Build.0 = Release|Any CPU
		{C02645D6-5E45-4292-A46B-F921FBED2965}.Debug|Any CPU.ActiveCfg = Debug|Any CPU
		{C02645D6-5E45-4292-A46B-F921FBED2965}.Debug|Any CPU.Build.0 = Debug|Any CPU
		{C02645D6-5E45-4292-A46B-F921FBED2965}.Release|Any CPU.ActiveCfg = Release|Any CPU
		{C02645D6-5E45-4292-A46B-F921FBED2965}.Release|Any CPU.Build.0 = Release|Any CPU
		{B486200A-8D16-480A-8F84-E47A9337A2F8}.Debug|Any CPU.ActiveCfg = Debug|Any CPU
		{B486200A-8D16-480A-8F84-E47A9337A2F8}.Debug|Any CPU.Build.0 = Debug|Any CPU
		{B486200A-8D16-480A-8F84-E47A9337A2F8}.Release|Any CPU.ActiveCfg = Release|Any CPU
		{B486200A-8D16-480A-8F84-E47A9337A2F8}.Release|Any CPU.Build.0 = Release|Any CPU
		{2AC0C231-41F3-4E96-8328-374FF7A4C54E}.Debug|Any CPU.ActiveCfg = Debug|Any CPU
		{2AC0C231-41F3-4E96-8328-374FF7A4C54E}.Debug|Any CPU.Build.0 = Debug|Any CPU
		{2AC0C231-41F3-4E96-8328-374FF7A4C54E}.Release|Any CPU.ActiveCfg = Release|Any CPU
		{2AC0C231-41F3-4E96-8328-374FF7A4C54E}.Release|Any CPU.Build.0 = Release|Any CPU
	EndGlobalSection
	GlobalSection(SolutionProperties) = preSolution
		HideSolutionNode = FALSE
	EndGlobalSection
	GlobalSection(ExtensibilityGlobals) = postSolution
		SolutionGuid = {7A2832CD-DE6F-4ECF-BE8A-8F4BD85FCCF3}
	EndGlobalSection
EndGlobal
